// !$*UTF8*$!
{
	archiveVersion = 1;
	classes = {
	};
	objectVersion = 48;
	objects = {

/* Begin PBXBuildFile section */
		440EEBBE1FBA9B0D00FD6A63 /* main.m in Sources */ = {isa = PBXBuildFile; fileRef = 440EEBBD1FBA9B0D00FD6A63 /* main.m */; };
		440EEBC61FBAE00000FD6A63 /* 线性表之顺序结构.c in Sources */ = {isa = PBXBuildFile; fileRef = 440EEBC41FBAE00000FD6A63 /* 线性表之顺序结构.c */; };
		440EEC181FBD408F00FD6A63 /* 线性表之链式结构.c in Sources */ = {isa = PBXBuildFile; fileRef = 440EEC171FBD408F00FD6A63 /* 线性表之链式结构.c */; };
		440EEC231FBDA59E00FD6A63 /* 顺序栈_stack.c in Sources */ = {isa = PBXBuildFile; fileRef = 440EEC211FBDA59E00FD6A63 /* 顺序栈_stack.c */; };
		440EEC251FBDB05D00FD6A63 /* 链式栈.c in Sources */ = {isa = PBXBuildFile; fileRef = 440EEC241FBDB05D00FD6A63 /* 链式栈.c */; };
		440EEC271FBE849800FD6A63 /* 斐波那契数列.c in Sources */ = {isa = PBXBuildFile; fileRef = 440EEC261FBE849800FD6A63 /* 斐波那契数列.c */; };
/* End PBXBuildFile section */

/* Begin PBXCopyFilesBuildPhase section */
		440EEBB81FBA9B0D00FD6A63 /* CopyFiles */ = {
			isa = PBXCopyFilesBuildPhase;
			buildActionMask = 2147483647;
			dstPath = /usr/share/man/man1/;
			dstSubfolderSpec = 0;
			files = (
			);
			runOnlyForDeploymentPostprocessing = 1;
		};
/* End PBXCopyFilesBuildPhase section */

/* Begin PBXFileReference section */
		440EEBBA1FBA9B0D00FD6A63 /* 数据结构与算法 */ = {isa = PBXFileReference; explicitFileType = "compiled.mach-o.executable"; includeInIndex = 0; path = "数据结构与算法"; sourceTree = BUILT_PRODUCTS_DIR; };
		440EEBBD1FBA9B0D00FD6A63 /* main.m */ = {isa = PBXFileReference; lastKnownFileType = sourcecode.c.objc; path = main.m; sourceTree = "<group>"; };
		440EEBC41FBAE00000FD6A63 /* 线性表之顺序结构.c */ = {isa = PBXFileReference; lastKnownFileType = sourcecode.c.c; path = "线性表之顺序结构.c"; sourceTree = "<group>"; };
		440EEC171FBD408F00FD6A63 /* 线性表之链式结构.c */ = {isa = PBXFileReference; lastKnownFileType = sourcecode.c.c; path = "线性表之链式结构.c"; sourceTree = "<group>"; };
		440EEC211FBDA59E00FD6A63 /* 顺序栈_stack.c */ = {isa = PBXFileReference; lastKnownFileType = sourcecode.c.c; path = "顺序栈_stack.c"; sourceTree = "<group>"; };
		440EEC241FBDB05D00FD6A63 /* 链式栈.c */ = {isa = PBXFileReference; lastKnownFileType = sourcecode.c.c; path = "链式栈.c"; sourceTree = "<group>"; };
		440EEC261FBE849800FD6A63 /* 斐波那契数列.c */ = {isa = PBXFileReference; lastKnownFileType = sourcecode.c.c; path = "斐波那契数列.c"; sourceTree = "<group>"; };
/* End PBXFileReference section */

/* Begin PBXFrameworksBuildPhase section */
		440EEBB71FBA9B0D00FD6A63 /* Frameworks */ = {
			isa = PBXFrameworksBuildPhase;
			buildActionMask = 2147483647;
			files = (
			);
			runOnlyForDeploymentPostprocessing = 0;
		};
/* End PBXFrameworksBuildPhase section */

/* Begin PBXGroup section */
		440EEBB11FBA9B0D00FD6A63 = {
			isa = PBXGroup;
			children = (
				440EEBBC1FBA9B0D00FD6A63 /* 数据结构与算法 */,
				440EEBBB1FBA9B0D00FD6A63 /* Products */,
			);
			sourceTree = "<group>";
		};
		440EEBBB1FBA9B0D00FD6A63 /* Products */ = {
			isa = PBXGroup;
			children = (
				440EEBBA1FBA9B0D00FD6A63 /* 数据结构与算法 */,
			);
			name = Products;
			sourceTree = "<group>";
		};
		440EEBBC1FBA9B0D00FD6A63 /* 数据结构与算法 */ = {
			isa = PBXGroup;
			children = (
				440EEBBD1FBA9B0D00FD6A63 /* main.m */,
				440EEBC41FBAE00000FD6A63 /* 线性表之顺序结构.c */,
				440EEC171FBD408F00FD6A63 /* 线性表之链式结构.c */,
				440EEC211FBDA59E00FD6A63 /* 顺序栈_stack.c */,
				440EEC241FBDB05D00FD6A63 /* 链式栈.c */,
				440EEC261FBE849800FD6A63 /* 斐波那契数列.c */,
			);
			path = "数据结构与算法";
			sourceTree = "<group>";
		};
/* End PBXGroup section */

/* Begin PBXNativeTarget section */
		440EEBB91FBA9B0D00FD6A63 /* 数据结构与算法 */ = {
			isa = PBXNativeTarget;
			buildConfigurationList = 440EEBC11FBA9B0D00FD6A63 /* Build configuration list for PBXNativeTarget "数据结构与算法" */;
			buildPhases = (
				440EEBB61FBA9B0D00FD6A63 /* Sources */,
				440EEBB71FBA9B0D00FD6A63 /* Frameworks */,
				440EEBB81FBA9B0D00FD6A63 /* CopyFiles */,
			);
			buildRules = (
			);
			dependencies = (
			);
			name = "数据结构与算法";
			productName = "数据结构与算法";
			productReference = 440EEBBA1FBA9B0D00FD6A63 /* 数据结构与算法 */;
			productType = "com.apple.product-type.tool";
		};
/* End PBXNativeTarget section */

/* Begin PBXProject section */
		440EEBB21FBA9B0D00FD6A63 /* Project object */ = {
			isa = PBXProject;
			attributes = {
				LastUpgradeCheck = 0900;
				ORGANIZATIONNAME = Jianmei;
				TargetAttributes = {
					440EEBB91FBA9B0D00FD6A63 = {
						CreatedOnToolsVersion = 9.0;
						ProvisioningStyle = Automatic;
					};
				};
			};
			buildConfigurationList = 440EEBB51FBA9B0D00FD6A63 /* Build configuration list for PBXProject "数据结构与算法" */;
			compatibilityVersion = "Xcode 8.0";
			developmentRegion = en;
			hasScannedForEncodings = 0;
			knownRegions = (
				en,
			);
			mainGroup = 440EEBB11FBA9B0D00FD6A63;
			productRefGroup = 440EEBBB1FBA9B0D00FD6A63 /* Products */;
			projectDirPath = "";
			projectRoot = "";
			targets = (
				440EEBB91FBA9B0D00FD6A63 /* 数据结构与算法 */,
			);
		};
/* End PBXProject section */

/* Begin PBXSourcesBuildPhase section */
		440EEBB61FBA9B0D00FD6A63 /* Sources */ = {
			isa = PBXSourcesBuildPhase;
			buildActionMask = 2147483647;
			files = (
				440EEC181FBD408F00FD6A63 /* 线性表之链式结构.c in Sources */,
				440EEBC61FBAE00000FD6A63 /* 线性表之顺序结构.c in Sources */,
				440EEC271FBE849800FD6A63 /* 斐波那契数列.c in Sources */,
				440EEC231FBDA59E00FD6A63 /* 顺序栈_stack.c in Sources */,
				440EEC251FBDB05D00FD6A63 /* 链式栈.c in Sources */,
				440EEBBE1FBA9B0D00FD6A63 /* main.m in Sources */,
			);
			runOnlyForDeploymentPostprocessing = 0;
		};
/* End PBXSourcesBuildPhase section */

/* Begin XCBuildConfiguration section */
		440EEBBF1FBA9B0D00FD6A63 /* Debug */ = {
			isa = XCBuildConfiguration;
			buildSettings = {
				ALWAYS_SEARCH_USER_PATHS = NO;
				CLANG_ANALYZER_NONNULL = YES;
				CLANG_ANALYZER_NUMBER_OBJECT_CONVERSION = YES_AGGRESSIVE;
				CLANG_CXX_LANGUAGE_STANDARD = "gnu++14";
				CLANG_CXX_LIBRARY = "libc++";
				CLANG_ENABLE_MODULES = YES;
				CLANG_ENABLE_OBJC_ARC = YES;
				CLANG_WARN_BLOCK_CAPTURE_AUTORELEASING = YES;
				CLANG_WARN_BOOL_CONVERSION = YES;
				CLANG_WARN_COMMA = YES;
				CLANG_WARN_CONSTANT_CONVERSION = YES;
				CLANG_WARN_DIRECT_OBJC_ISA_USAGE = YES_ERROR;
				CLANG_WARN_DOCUMENTATION_COMMENTS = YES;
				CLANG_WARN_EMPTY_BODY = YES;
				CLANG_WARN_ENUM_CONVERSION = YES;
				CLANG_WARN_INFINITE_RECURSION = YES;
				CLANG_WARN_INT_CONVERSION = YES;
				CLANG_WARN_NON_LITERAL_NULL_CONVERSION = YES;
				CLANG_WARN_OBJC_LITERAL_CONVERSION = YES;
				CLANG_WARN_OBJC_ROOT_CLASS = YES_ERROR;
				CLANG_WARN_RANGE_LOOP_ANALYSIS = YES;
				CLANG_WARN_STRICT_PROTOTYPES = YES;
				CLANG_WARN_SUSPICIOUS_MOVE = YES;
				CLANG_WARN_UNGUARDED_AVAILABILITY = YES_AGGRESSIVE;
				CLANG_WARN_UNREACHABLE_CODE = YES;
				CLANG_WARN__DUPLICATE_METHOD_MATCH = YES;
				CODE_SIGN_IDENTITY = "-";
				COPY_PHASE_STRIP = NO;
				DEBUG_INFORMATION_FORMAT = dwarf;
				ENABLE_STRICT_OBJC_MSGSEND = YES;
				ENABLE_TESTABILITY = YES;
				GCC_C_LANGUAGE_STANDARD = gnu11;
				GCC_DYNAMIC_NO_PIC = NO;
				GCC_NO_COMMON_BLOCKS = YES;
				GCC_OPTIMIZATION_LEVEL = 0;
				GCC_PREPROCESSOR_DEFINITIONS = (
					"DEBUG=1",
					"$(inherited)",
				);
				GCC_WARN_64_TO_32_BIT_CONVERSION = YES;
				GCC_WARN_ABOUT_RETURN_TYPE = YES_ERROR;
				GCC_WARN_UNDECLARED_SELECTOR = YES;
				GCC_WARN_UNINITIALIZED_AUTOS = YES_AGGRESSIVE;
				GCC_WARN_UNUSED_FUNCTION = YES;
				GCC_WARN_UNUSED_VARIABLE = YES;
				MACOSX_DEPLOYMENT_TARGET = 10.12;
				MTL_ENABLE_DEBUG_INFO = YES;
				ONLY_ACTIVE_ARCH = YES;
				SDKROOT = macosx;
			};
			name = Debug;
		};
		440EEBC01FBA9B0D00FD6A63 /* Release */ = {
			isa = XCBuildConfiguration;
			buildSettings = {
				ALWAYS_SEARCH_USER_PATHS = NO;
				CLANG_ANALYZER_NONNULL = YES;
				CLANG_ANALYZER_NUMBER_OBJECT_CONVERSION = YES_AGGRESSIVE;
				CLANG_CXX_LANGUAGE_STANDARD = "gnu++14";
				CLANG_CXX_LIBRARY = "libc++";
				CLANG_ENABLE_MODULES = YES;
				CLANG_ENABLE_OBJC_ARC = YES;
				CLANG_WARN_BLOCK_CAPTURE_AUTORELEASING = YES;
				CLANG_WARN_BOOL_CONVERSION = YES;
				CLANG_WARN_COMMA = YES;
				CLANG_WARN_CONSTANT_CONVERSION = YES;
				CLANG_WARN_DIRECT_OBJC_ISA_USAGE = YES_ERROR;
				CLANG_WARN_DOCUMENTATION_COMMENTS = YES;
				CLANG_WARN_EMPTY_BODY = YES;
				CLANG_WARN_ENUM_CONVERSION = YES;
				CLANG_WARN_INFINITE_RECURSION = YES;
				CLANG_WARN_INT_CONVERSION = YES;
				CLANG_WARN_NON_LITERAL_NULL_CONVERSION = YES;
				CLANG_WARN_OBJC_LITERAL_CONVERSION = YES;
				CLANG_WARN_OBJC_ROOT_CLASS = YES_ERROR;
				CLANG_WARN_RANGE_LOOP_ANALYSIS = YES;
				CLANG_WARN_STRICT_PROTOTYPES = YES;
				CLANG_WARN_SUSPICIOUS_MOVE = YES;
				CLANG_WARN_UNGUARDED_AVAILABILITY = YES_AGGRESSIVE;
				CLANG_WARN_UNREACHABLE_CODE = YES;
				CLANG_WARN__DUPLICATE_METHOD_MATCH = YES;
				CODE_SIGN_IDENTITY = "-";
				COPY_PHASE_STRIP = NO;
				DEBUG_INFORMATION_FORMAT = "dwarf-with-dsym";
				ENABLE_NS_ASSERTIONS = NO;
				ENABLE_STRICT_OBJC_MSGSEND = YES;
				GCC_C_LANGUAGE_STANDARD = gnu11;
				GCC_NO_COMMON_BLOCKS = YES;
				GCC_WARN_64_TO_32_BIT_CONVERSION = YES;
				GCC_WARN_ABOUT_RETURN_TYPE = YES_ERROR;
				GCC_WARN_UNDECLARED_SELECTOR = YES;
				GCC_WARN_UNINITIALIZED_AUTOS = YES_AGGRESSIVE;
				GCC_WARN_UNUSED_FUNCTION = YES;
				GCC_WARN_UNUSED_VARIABLE = YES;
				MACOSX_DEPLOYMENT_TARGET = 10.12;
				MTL_ENABLE_DEBUG_INFO = NO;
				SDKROOT = macosx;
			};
			name = Release;
		};
		440EEBC21FBA9B0D00FD6A63 /* Debug */ = {
			isa = XCBuildConfiguration;
			buildSettings = {
				CODE_SIGN_STYLE = Automatic;
				PRODUCT_NAME = "$(TARGET_NAME)";
			};
			name = Debug;
		};
		440EEBC31FBA9B0D00FD6A63 /* Release */ = {
			isa = XCBuildConfiguration;
			buildSettings = {
				CODE_SIGN_STYLE = Automatic;
				PRODUCT_NAME = "$(TARGET_NAME)";
			};
			name = Release;
		};
/* End XCBuildConfiguration section */

/* Begin XCConfigurationList section */
		440EEBB51FBA9B0D00FD6A63 /* Build configuration list for PBXProject "数据结构与算法" */ = {
			isa = XCConfigurationList;
			buildConfigurations = (
				440EEBBF1FBA9B0D00FD6A63 /* Debug */,
				440EEBC01FBA9B0D00FD6A63 /* Release */,
			);
			defaultConfigurationIsVisible = 0;
			defaultConfigurationName = Release;
		};
		440EEBC11FBA9B0D00FD6A63 /* Build configuration list for PBXNativeTarget "数据结构与算法" */ = {
			isa = XCConfigurationList;
			buildConfigurations = (
				440EEBC21FBA9B0D00FD6A63 /* Debug */,
				440EEBC31FBA9B0D00FD6A63 /* Release */,
			);
			defaultConfigurationIsVisible = 0;
			defaultConfigurationName = Release;
		};
/* End XCConfigurationList section */
	};
	rootObject = 440EEBB21FBA9B0D00FD6A63 /* Project object */;
}
